
Microsoft Visual Studio Solution File, Format Version 12.00
# Visual Studio Version 16
VisualStudioVersion = 16.0.31025.194
MinimumVisualStudioVersion = 10.0.40219.1
Project("{FAE04EC0-301F-11D3-BF4B-00C04F79EFBC}") = "OracleCacheProvider", "src\OracleCacheProvider\OracleCacheProvider.csproj", "{DDF4DAF3-5133-4714-A8A8-E597C7AAC301}"
EndProject
Global
	GlobalSection(SolutionConfigurationPlatforms) = preSolution
		Debug|Any CPU = Debug|Any CPU
		Release|Any CPU = Release|Any CPU
	EndGlobalSection
	GlobalSection(ProjectConfigurationPlatforms) = postSolution
		{DDF4DAF3-5133-4714-A8A8-E597C7AAC301}.Debug|Any CPU.ActiveCfg = Debug|Any CPU
		{DDF4DAF3-5133-4714-A8A8-E597C7AAC301}.Debug|Any CPU.Build.0 = Debug|Any CPU
		{DDF4DAF3-5133-4714-A8A8-E597C7AAC301}.Release|Any CPU.ActiveCfg = Release|Any CPU
		{DDF4DAF3-5133-4714-A8A8-E597C7AAC301}.Release|Any CPU.Build.0 = Release|Any CPU
	EndGlobalSection
	GlobalSection(SolutionProperties) = preSolution
		HideSolutionNode = FALSE
	EndGlobalSection
	GlobalSection(ExtensibilityGlobals) = postSolution
		SolutionGuid = {F18887D8-35FE-4CAA-94AE-B9A48050AFEC}
	EndGlobalSection
EndGlobal
